// !$*UTF8*$!
{
	archiveVersion = 1;
	classes = {
	};
	objectVersion = 46;
	objects = {

/* Begin PBXBuildFile section */
		D452B9FA1BE3C799007CB2BB /* AppDelegate.swift in Sources */ = {isa = PBXBuildFile; fileRef = D452B9F91BE3C799007CB2BB /* AppDelegate.swift */; };
		D452B9FC1BE3C799007CB2BB /* ViewController.swift in Sources */ = {isa = PBXBuildFile; fileRef = D452B9FB1BE3C799007CB2BB /* ViewController.swift */; };
		D452B9FF1BE3C799007CB2BB /* Main.storyboard in Resources */ = {isa = PBXBuildFile; fileRef = D452B9FD1BE3C799007CB2BB /* Main.storyboard */; };
		D452BA011BE3C799007CB2BB /* Assets.xcassets in Resources */ = {isa = PBXBuildFile; fileRef = D452BA001BE3C799007CB2BB /* Assets.xcassets */; };
		D452BA041BE3C799007CB2BB /* LaunchScreen.storyboard in Resources */ = {isa = PBXBuildFile; fileRef = D452BA021BE3C799007CB2BB /* LaunchScreen.storyboard */; };
		D452BA0F1BE3C799007CB2BB /* LeapTests.swift in Sources */ = {isa = PBXBuildFile; fileRef = D452BA0E1BE3C799007CB2BB /* LeapTests.swift */; };
		D452BA1A1BE3C874007CB2BB /* Leap.swift in Sources */ = {isa = PBXBuildFile; fileRef = D452BA191BE3C874007CB2BB /* Leap.swift */; };
		D452BA1D1BE3C889007CB2BB /* Leap.swift in Sources */ = {isa = PBXBuildFile; fileRef = D452BA191BE3C874007CB2BB /* Leap.swift */; };
/* End PBXBuildFile section */

/* Begin PBXContainerItemProxy section */
		D452BA0B1BE3C799007CB2BB /* PBXContainerItemProxy */ = {
			isa = PBXContainerItemProxy;
			containerPortal = D452B9EE1BE3C799007CB2BB /* Project object */;
			proxyType = 1;
			remoteGlobalIDString = D452B9F51BE3C799007CB2BB;
			remoteInfo = Leap;
		};
/* End PBXContainerItemProxy section */

/* Begin PBXFileReference section */
		D452B9F61BE3C799007CB2BB /* Leap.app */ = {isa = PBXFileReference; explicitFileType = wrapper.application; includeInIndex = 0; path = Leap.app; sourceTree = BUILT_PRODUCTS_DIR; };
		D452B9F91BE3C799007CB2BB /* AppDelegate.swift */ = {isa = PBXFileReference; lastKnownFileType = sourcecode.swift; path = AppDelegate.swift; sourceTree = "<group>"; };
		D452B9FB1BE3C799007CB2BB /* ViewController.swift */ = {isa = PBXFileReference; lastKnownFileType = sourcecode.swift; path = ViewController.swift; sourceTree = "<group>"; };
		D452B9FE1BE3C799007CB2BB /* Base */ = {isa = PBXFileReference; lastKnownFileType = file.storyboard; name = Base; path = Base.lproj/Main.storyboard; sourceTree = "<group>"; };
		D452BA001BE3C799007CB2BB /* Assets.xcassets */ = {isa = PBXFileReference; lastKnownFileType = folder.assetcatalog; path = Assets.xcassets; sourceTree = "<group>"; };
		D452BA031BE3C799007CB2BB /* Base */ = {isa = PBXFileReference; lastKnownFileType = file.storyboard; name = Base; path = Base.lproj/LaunchScreen.storyboard; sourceTree = "<group>"; };
		D452BA051BE3C799007CB2BB /* Info.plist */ = {isa = PBXFileReference; lastKnownFileType = text.plist.xml; path = Info.plist; sourceTree = "<group>"; };
		D452BA0A1BE3C799007CB2BB /* LeapTests.xctest */ = {isa = PBXFileReference; explicitFileType = wrapper.cfbundle; includeInIndex = 0; path = LeapTests.xctest; sourceTree = BUILT_PRODUCTS_DIR; };
		D452BA0E1BE3C799007CB2BB /* LeapTests.swift */ = {isa = PBXFileReference; lastKnownFileType = sourcecode.swift; path = LeapTests.swift; sourceTree = "<group>"; };
		D452BA101BE3C799007CB2BB /* Info.plist */ = {isa = PBXFileReference; lastKnownFileType = text.plist.xml; path = Info.plist; sourceTree = "<group>"; };
		D452BA191BE3C874007CB2BB /* Leap.swift */ = {isa = PBXFileReference; fileEncoding = 4; lastKnownFileType = sourcecode.swift; path = Leap.swift; sourceTree = "<group>"; };
/* End PBXFileReference section */

/* Begin PBXFrameworksBuildPhase section */
		D452B9F31BE3C799007CB2BB /* Frameworks */ = {
			isa = PBXFrameworksBuildPhase;
			buildActionMask = 2147483647;
			files = (
			);
			runOnlyForDeploymentPostprocessing = 0;
		};
		D452BA071BE3C799007CB2BB /* Frameworks */ = {
			isa = PBXFrameworksBuildPhase;
			buildActionMask = 2147483647;
			files = (
			);
			runOnlyForDeploymentPostprocessing = 0;
		};
/* End PBXFrameworksBuildPhase section */

/* Begin PBXGroup section */
		D452B9ED1BE3C799007CB2BB = {
			isa = PBXGroup;
			children = (
				D452B9F81BE3C799007CB2BB /* Leap */,
				D452BA0D1BE3C799007CB2BB /* LeapTests */,
				D452B9F71BE3C799007CB2BB /* Products */,
			);
			sourceTree = "<group>";
		};
		D452B9F71BE3C799007CB2BB /* Products */ = {
			isa = PBXGroup;
			children = (
				D452B9F61BE3C799007CB2BB /* Leap.app */,
				D452BA0A1BE3C799007CB2BB /* LeapTests.xctest */,
			);
			name = Products;
			sourceTree = "<group>";
		};
		D452B9F81BE3C799007CB2BB /* Leap */ = {
			isa = PBXGroup;
			children = (
				D452B9F91BE3C799007CB2BB /* AppDelegate.swift */,
				D452B9FB1BE3C799007CB2BB /* ViewController.swift */,
				D452B9FD1BE3C799007CB2BB /* Main.storyboard */,
				D452BA001BE3C799007CB2BB /* Assets.xcassets */,
				D452BA021BE3C799007CB2BB /* LaunchScreen.storyboard */,
				D452BA051BE3C799007CB2BB /* Info.plist */,
				D452BA191BE3C874007CB2BB /* Leap.swift */,
			);
			path = Leap;
			sourceTree = "<group>";
		};
		D452BA0D1BE3C799007CB2BB /* LeapTests */ = {
			isa = PBXGroup;
			children = (
				D452BA0E1BE3C799007CB2BB /* LeapTests.swift */,
				D452BA101BE3C799007CB2BB /* Info.plist */,
			);
			path = LeapTests;
			sourceTree = "<group>";
		};
/* End PBXGroup section */

/* Begin PBXNativeTarget section */
		D452B9F51BE3C799007CB2BB /* Leap */ = {
			isa = PBXNativeTarget;
			buildConfigurationList = D452BA131BE3C799007CB2BB /* Build configuration list for PBXNativeTarget "Leap" */;
			buildPhases = (
				D452B9F21BE3C799007CB2BB /* Sources */,
				D452B9F31BE3C799007CB2BB /* Frameworks */,
				D452B9F41BE3C799007CB2BB /* Resources */,
			);
			buildRules = (
			);
			dependencies = (
			);
			name = Leap;
			productName = Leap;
			productReference = D452B9F61BE3C799007CB2BB /* Leap.app */;
			productType = "com.apple.product-type.application";
		};
		D452BA091BE3C799007CB2BB /* LeapTests */ = {
			isa = PBXNativeTarget;
			buildConfigurationList = D452BA161BE3C799007CB2BB /* Build configuration list for PBXNativeTarget "LeapTests" */;
			buildPhases = (
				D452BA061BE3C799007CB2BB /* Sources */,
				D452BA071BE3C799007CB2BB /* Frameworks */,
				D452BA081BE3C799007CB2BB /* Resources */,
			);
			buildRules = (
			);
			dependencies = (
				D452BA0C1BE3C799007CB2BB /* PBXTargetDependency */,
			);
			name = LeapTests;
			productName = LeapTests;
			productReference = D452BA0A1BE3C799007CB2BB /* LeapTests.xctest */;
			productType = "com.apple.product-type.bundle.unit-test";
		};
/* End PBXNativeTarget section */

/* Begin PBXProject section */
		D452B9EE1BE3C799007CB2BB /* Project object */ = {
			isa = PBXProject;
			attributes = {
				LastSwiftUpdateCheck = 0710;
				LastUpgradeCheck = 0710;
				ORGANIZATIONNAME = "Hom, Kenneth";
				TargetAttributes = {
					D452B9F51BE3C799007CB2BB = {
						CreatedOnToolsVersion = 7.1;
					};
					D452BA091BE3C799007CB2BB = {
						CreatedOnToolsVersion = 7.1;
						TestTargetID = D452B9F51BE3C799007CB2BB;
					};
				};
			};
			buildConfigurationList = D452B9F11BE3C799007CB2BB /* Build configuration list for PBXProject "Leap" */;
			compatibilityVersion = "Xcode 3.2";
			developmentRegion = English;
			hasScannedForEncodings = 0;
			knownRegions = (
				en,
				Base,
			);
			mainGroup = D452B9ED1BE3C799007CB2BB;
			productRefGroup = D452B9F71BE3C799007CB2BB /* Products */;
			projectDirPath = "";
			projectRoot = "";
			targets = (
				D452B9F51BE3C799007CB2BB /* Leap */,
				D452BA091BE3C799007CB2BB /* LeapTests */,
			);
		};
/* End PBXProject section */

/* Begin PBXResourcesBuildPhase section */
		D452B9F41BE3C799007CB2BB /* Resources */ = {
			isa = PBXResourcesBuildPhase;
			buildActionMask = 2147483647;
			files = (
				D452BA041BE3C799007CB2BB /* LaunchScreen.storyboard in Resources */,
				D452BA011BE3C799007CB2BB /* Assets.xcassets in Resources */,
				D452B9FF1BE3C799007CB2BB /* Main.storyboard in Resources */,
			);
			runOnlyForDeploymentPostprocessing = 0;
		};
		D452BA081BE3C799007CB2BB /* Resources */ = {
			isa = PBXResourcesBuildPhase;
			buildActionMask = 2147483647;
			files = (
			);
			runOnlyForDeploymentPostprocessing = 0;
		};
/* End PBXResourcesBuildPhase section */

/* Begin PBXSourcesBuildPhase section */
		D452B9F21BE3C799007CB2BB /* Sources */ = {
			isa = PBXSourcesBuildPhase;
			buildActionMask = 2147483647;
			files = (
				D452BA1A1BE3C874007CB2BB /* Leap.swift in Sources */,
				D452B9FC1BE3C799007CB2BB /* ViewController.swift in Sources */,
				D452B9FA1BE3C799007CB2BB /* AppDelegate.swift in Sources */,
			);
			runOnlyForDeploymentPostprocessing = 0;
		};
		D452BA061BE3C799007CB2BB /* Sources */ = {
			isa = PBXSourcesBuildPhase;
			buildActionMask = 2147483647;
			files = (
				D452BA0F1BE3C799007CB2BB /* LeapTests.swift in Sources */,
				D452BA1D1BE3C889007CB2BB /* Leap.swift in Sources */,
			);
			runOnlyForDeploymentPostprocessing = 0;
		};
/* End PBXSourcesBuildPhase section */

/* Begin PBXTargetDependency section */
		D452BA0C1BE3C799007CB2BB /* PBXTargetDependency */ = {
			isa = PBXTargetDependency;
			target = D452B9F51BE3C799007CB2BB /* Leap */;
			targetProxy = D452BA0B1BE3C799007CB2BB /* PBXContainerItemProxy */;
		};
/* End PBXTargetDependency section */

/* Begin PBXVariantGroup section */
		D452B9FD1BE3C799007CB2BB /* Main.storyboard */ = {
			isa = PBXVariantGroup;
			children = (
				D452B9FE1BE3C799007CB2BB /* Base */,
			);
			name = Main.storyboard;
			sourceTree = "<group>";
		};
		D452BA021BE3C799007CB2BB /* LaunchScreen.storyboard */ = {
			isa = PBXVariantGroup;
			children = (
				D452BA031BE3C799007CB2BB /* Base */,
			);
			name = LaunchScreen.storyboard;
			sourceTree = "<group>";
		};
/* End PBXVariantGroup section */

/* Begin XCBuildConfiguration section */
		D452BA111BE3C799007CB2BB /* Debug */ = {
			isa = XCBuildConfiguration;
			buildSettings = {
				ALWAYS_SEARCH_USER_PATHS = NO;
				CLANG_CXX_LANGUAGE_STANDARD = "gnu++0x";
				CLANG_CXX_LIBRARY = "libc++";
				CLANG_ENABLE_MODULES = YES;
				CLANG_ENABLE_OBJC_ARC = YES;
				CLANG_WARN_BOOL_CONVERSION = YES;
				CLANG_WARN_CONSTANT_CONVERSION = YES;
				CLANG_WARN_DIRECT_OBJC_ISA_USAGE = YES_ERROR;
				CLANG_WARN_EMPTY_BODY = YES;
				CLANG_WARN_ENUM_CONVERSION = YES;
				CLANG_WARN_INT_CONVERSION = YES;
				CLANG_WARN_OBJC_ROOT_CLASS = YES_ERROR;
				CLANG_WARN_UNREACHABLE_CODE = YES;
				CLANG_WARN__DUPLICATE_METHOD_MATCH = YES;
				"CODE_SIGN_IDENTITY[sdk=iphoneos*]" = "iPhone Developer";
				COPY_PHASE_STRIP = NO;
				DEBUG_INFORMATION_FORMAT = dwarf;
				ENABLE_STRICT_OBJC_MSGSEND = YES;
				ENABLE_TESTABILITY = YES;
				GCC_C_LANGUAGE_STANDARD = gnu99;
				GCC_DYNAMIC_NO_PIC = NO;
				GCC_NO_COMMON_BLOCKS = YES;
				GCC_OPTIMIZATION_LEVEL = 0;
				GCC_PREPROCESSOR_DEFINITIONS = (
					"DEBUG=1",
					"$(inherited)",
				);
				GCC_WARN_64_TO_32_BIT_CONVERSION = YES;
				GCC_WARN_ABOUT_RETURN_TYPE = YES_ERROR;
				GCC_WARN_UNDECLARED_SELECTOR = YES;
				GCC_WARN_UNINITIALIZED_AUTOS = YES_AGGRESSIVE;
				GCC_WARN_UNUSED_FUNCTION = YES;
				GCC_WARN_UNUSED_VARIABLE = YES;
				IPHONEOS_DEPLOYMENT_TARGET = 9.1;
				MTL_ENABLE_DEBUG_INFO = YES;
				ONLY_ACTIVE_ARCH = YES;
				SDKROOT = iphoneos;
				SWIFT_OPTIMIZATION_LEVEL = "-Onone";
				TARGETED_DEVICE_FAMILY = "1,2";
			};
			name = Debug;
		};
		D452BA121BE3C799007CB2BB /* Release */ = {
			isa = XCBuildConfiguration;
			buildSettings = {
				ALWAYS_SEARCH_USER_PATHS = NO;
				CLANG_CXX_LANGUAGE_STANDARD = "gnu++0x";
				CLANG_CXX_LIBRARY = "libc++";
				CLANG_ENABLE_MODULES = YES;
				CLANG_ENABLE_OBJC_ARC = YES;
				CLANG_WARN_BOOL_CONVERSION = YES;
				CLANG_WARN_CONSTANT_CONVERSION = YES;
				CLANG_WARN_DIRECT_OBJC_ISA_USAGE = YES_ERROR;
				CLANG_WARN_EMPTY_BODY = YES;
				CLANG_WARN_ENUM_CONVERSION = YES;
				CLANG_WARN_INT_CONVERSION = YES;
				CLANG_WARN_OBJC_ROOT_CLASS = YES_ERROR;
				CLANG_WARN_UNREACHABLE_CODE = YES;
				CLANG_WARN__DUPLICATE_METHOD_MATCH = YES;
				"CODE_SIGN_IDENTITY[sdk=iphoneos*]" = "iPhone Developer";
				COPY_PHASE_STRIP = NO;
				DEBUG_INFORMATION_FORMAT = "dwarf-with-dsym";
				ENABLE_NS_ASSERTIONS = NO;
				ENABLE_STRICT_OBJC_MSGSEND = YES;
				GCC_C_LANGUAGE_STANDARD = gnu99;
				GCC_NO_COMMON_BLOCKS = YES;
				GCC_WARN_64_TO_32_BIT_CONVERSION = YES;
				GCC_WARN_ABOUT_RETURN_TYPE = YES_ERROR;
				GCC_WARN_UNDECLARED_SELECTOR = YES;
				GCC_WARN_UNINITIALIZED_AUTOS = YES_AGGRESSIVE;
				GCC_WARN_UNUSED_FUNCTION = YES;
				GCC_WARN_UNUSED_VARIABLE = YES;
				IPHONEOS_DEPLOYMENT_TARGET = 9.1;
				MTL_ENABLE_DEBUG_INFO = NO;
				SDKROOT = iphoneos;
				TARGETED_DEVICE_FAMILY = "1,2";
				VALIDATE_PRODUCT = YES;
			};
			name = Release;
		};
		D452BA141BE3C799007CB2BB /* Debug */ = {
			isa = XCBuildConfiguration;
			buildSettings = {
				ASSETCATALOG_COMPILER_APPICON_NAME = AppIcon;
				INFOPLIST_FILE = Leap/Info.plist;
				LD_RUNPATH_SEARCH_PATHS = "$(inherited) @executable_path/Frameworks";
				PRODUCT_BUNDLE_IDENTIFIER = com.pinsonault.Leap;
				PRODUCT_NAME = "$(TARGET_NAME)";
			};
			name = Debug;
		};
		D452BA151BE3C799007CB2BB /* Release */ = {
			isa = XCBuildConfiguration;
			buildSettings = {
				ASSETCATALOG_COMPILER_APPICON_NAME = AppIcon;
				INFOPLIST_FILE = Leap/Info.plist;
				LD_RUNPATH_SEARCH_PATHS = "$(inherited) @executable_path/Frameworks";
				PRODUCT_BUNDLE_IDENTIFIER = com.pinsonault.Leap;
				PRODUCT_NAME = "$(TARGET_NAME)";
			};
			name = Release;
		};
		D452BA171BE3C799007CB2BB /* Debug */ = {
			isa = XCBuildConfiguration;
			buildSettings = {
				BUNDLE_LOADER = "$(TEST_HOST)";
				INFOPLIST_FILE = LeapTests/Info.plist;
				LD_RUNPATH_SEARCH_PATHS = "$(inherited) @executable_path/Frameworks @loader_path/Frameworks";
				PRODUCT_BUNDLE_IDENTIFIER = com.pinsonault.LeapTests;
				PRODUCT_NAME = "$(TARGET_NAME)";
				TEST_HOST = "$(BUILT_PRODUCTS_DIR)/Leap.app/Leap";
			};
			name = Debug;
		};
		D452BA181BE3C799007CB2BB /* Release */ = {
			isa = XCBuildConfiguration;
			buildSettings = {
				BUNDLE_LOADER = "$(TEST_HOST)";
				INFOPLIST_FILE = LeapTests/Info.plist;
				LD_RUNPATH_SEARCH_PATHS = "$(inherited) @executable_path/Frameworks @loader_path/Frameworks";
				PRODUCT_BUNDLE_IDENTIFIER = com.pinsonault.LeapTests;
				PRODUCT_NAME = "$(TARGET_NAME)";
				TEST_HOST = "$(BUILT_PRODUCTS_DIR)/Leap.app/Leap";
			};
			name = Release;
		};
/* End XCBuildConfiguration section */

/* Begin XCConfigurationList section */
		D452B9F11BE3C799007CB2BB /* Build configuration list for PBXProject "Leap" */ = {
			isa = XCConfigurationList;
			buildConfigurations = (
				D452BA111BE3C799007CB2BB /* Debug */,
				D452BA121BE3C799007CB2BB /* Release */,
			);
			defaultConfigurationIsVisible = 0;
			defaultConfigurationName = Release;
		};
		D452BA131BE3C799007CB2BB /* Build configuration list for PBXNativeTarget "Leap" */ = {
			isa = XCConfigurationList;
			buildConfigurations = (
				D452BA141BE3C799007CB2BB /* Debug */,
				D452BA151BE3C799007CB2BB /* Release */,
			);
			defaultConfigurationIsVisible = 0;
		};
		D452BA161BE3C799007CB2BB /* Build configuration list for PBXNativeTarget "LeapTests" */ = {
			isa = XCConfigurationList;
			buildConfigurations = (
				D452BA171BE3C799007CB2BB /* Debug */,
				D452BA181BE3C799007CB2BB /* Release */,
			);
			defaultConfigurationIsVisible = 0;
		};
/* End XCConfigurationList section */
	};
	rootObject = D452B9EE1BE3C799007CB2BB /* Project object */;
}
