// !$*UTF8*$!
{
	archiveVersion = 1;
	classes = {
	};
	objectVersion = 46;
	objects = {

/* Begin PBXBuildFile section */
		D49058101BE7AC0D0028D5FA /* AppDelegate.swift in Sources */ = {isa = PBXBuildFile; fileRef = D490580F1BE7AC0D0028D5FA /* AppDelegate.swift */; };
		D49058121BE7AC0D0028D5FA /* ViewController.swift in Sources */ = {isa = PBXBuildFile; fileRef = D49058111BE7AC0D0028D5FA /* ViewController.swift */; };
		D49058151BE7AC0D0028D5FA /* Main.storyboard in Resources */ = {isa = PBXBuildFile; fileRef = D49058131BE7AC0D0028D5FA /* Main.storyboard */; };
		D49058171BE7AC0D0028D5FA /* Assets.xcassets in Resources */ = {isa = PBXBuildFile; fileRef = D49058161BE7AC0D0028D5FA /* Assets.xcassets */; };
		D490581A1BE7AC0D0028D5FA /* LaunchScreen.storyboard in Resources */ = {isa = PBXBuildFile; fileRef = D49058181BE7AC0D0028D5FA /* LaunchScreen.storyboard */; };
		D49058251BE7AC0D0028D5FA /* EtlTests.swift in Sources */ = {isa = PBXBuildFile; fileRef = D49058241BE7AC0D0028D5FA /* EtlTests.swift */; };
		D49058301BE7AC1E0028D5FA /* Etl.swift in Sources */ = {isa = PBXBuildFile; fileRef = D490582F1BE7AC1E0028D5FA /* Etl.swift */; };
		D49058321BE7AC2A0028D5FA /* Etl.swift in Sources */ = {isa = PBXBuildFile; fileRef = D490582F1BE7AC1E0028D5FA /* Etl.swift */; };
/* End PBXBuildFile section */

/* Begin PBXContainerItemProxy section */
		D49058211BE7AC0D0028D5FA /* PBXContainerItemProxy */ = {
			isa = PBXContainerItemProxy;
			containerPortal = D49058041BE7AC0D0028D5FA /* Project object */;
			proxyType = 1;
			remoteGlobalIDString = D490580B1BE7AC0D0028D5FA;
			remoteInfo = Etl;
		};
/* End PBXContainerItemProxy section */

/* Begin PBXFileReference section */
		D490580C1BE7AC0D0028D5FA /* Etl.app */ = {isa = PBXFileReference; explicitFileType = wrapper.application; includeInIndex = 0; path = Etl.app; sourceTree = BUILT_PRODUCTS_DIR; };
		D490580F1BE7AC0D0028D5FA /* AppDelegate.swift */ = {isa = PBXFileReference; lastKnownFileType = sourcecode.swift; path = AppDelegate.swift; sourceTree = "<group>"; };
		D49058111BE7AC0D0028D5FA /* ViewController.swift */ = {isa = PBXFileReference; lastKnownFileType = sourcecode.swift; path = ViewController.swift; sourceTree = "<group>"; };
		D49058141BE7AC0D0028D5FA /* Base */ = {isa = PBXFileReference; lastKnownFileType = file.storyboard; name = Base; path = Base.lproj/Main.storyboard; sourceTree = "<group>"; };
		D49058161BE7AC0D0028D5FA /* Assets.xcassets */ = {isa = PBXFileReference; lastKnownFileType = folder.assetcatalog; path = Assets.xcassets; sourceTree = "<group>"; };
		D49058191BE7AC0D0028D5FA /* Base */ = {isa = PBXFileReference; lastKnownFileType = file.storyboard; name = Base; path = Base.lproj/LaunchScreen.storyboard; sourceTree = "<group>"; };
		D490581B1BE7AC0D0028D5FA /* Info.plist */ = {isa = PBXFileReference; lastKnownFileType = text.plist.xml; path = Info.plist; sourceTree = "<group>"; };
		D49058201BE7AC0D0028D5FA /* EtlTests.xctest */ = {isa = PBXFileReference; explicitFileType = wrapper.cfbundle; includeInIndex = 0; path = EtlTests.xctest; sourceTree = BUILT_PRODUCTS_DIR; };
		D49058241BE7AC0D0028D5FA /* EtlTests.swift */ = {isa = PBXFileReference; lastKnownFileType = sourcecode.swift; path = EtlTests.swift; sourceTree = "<group>"; };
		D49058261BE7AC0D0028D5FA /* Info.plist */ = {isa = PBXFileReference; lastKnownFileType = text.plist.xml; path = Info.plist; sourceTree = "<group>"; };
		D490582F1BE7AC1E0028D5FA /* Etl.swift */ = {isa = PBXFileReference; fileEncoding = 4; lastKnownFileType = sourcecode.swift; path = Etl.swift; sourceTree = "<group>"; };
/* End PBXFileReference section */

/* Begin PBXFrameworksBuildPhase section */
		D49058091BE7AC0D0028D5FA /* Frameworks */ = {
			isa = PBXFrameworksBuildPhase;
			buildActionMask = 2147483647;
			files = (
			);
			runOnlyForDeploymentPostprocessing = 0;
		};
		D490581D1BE7AC0D0028D5FA /* Frameworks */ = {
			isa = PBXFrameworksBuildPhase;
			buildActionMask = 2147483647;
			files = (
			);
			runOnlyForDeploymentPostprocessing = 0;
		};
/* End PBXFrameworksBuildPhase section */

/* Begin PBXGroup section */
		D49058031BE7AC0D0028D5FA = {
			isa = PBXGroup;
			children = (
				D490580E1BE7AC0D0028D5FA /* Etl */,
				D49058231BE7AC0D0028D5FA /* EtlTests */,
				D490580D1BE7AC0D0028D5FA /* Products */,
			);
			sourceTree = "<group>";
		};
		D490580D1BE7AC0D0028D5FA /* Products */ = {
			isa = PBXGroup;
			children = (
				D490580C1BE7AC0D0028D5FA /* Etl.app */,
				D49058201BE7AC0D0028D5FA /* EtlTests.xctest */,
			);
			name = Products;
			sourceTree = "<group>";
		};
		D490580E1BE7AC0D0028D5FA /* Etl */ = {
			isa = PBXGroup;
			children = (
				D490580F1BE7AC0D0028D5FA /* AppDelegate.swift */,
				D49058111BE7AC0D0028D5FA /* ViewController.swift */,
				D49058131BE7AC0D0028D5FA /* Main.storyboard */,
				D49058161BE7AC0D0028D5FA /* Assets.xcassets */,
				D49058181BE7AC0D0028D5FA /* LaunchScreen.storyboard */,
				D490581B1BE7AC0D0028D5FA /* Info.plist */,
				D490582F1BE7AC1E0028D5FA /* Etl.swift */,
			);
			path = Etl;
			sourceTree = "<group>";
		};
		D49058231BE7AC0D0028D5FA /* EtlTests */ = {
			isa = PBXGroup;
			children = (
				D49058241BE7AC0D0028D5FA /* EtlTests.swift */,
				D49058261BE7AC0D0028D5FA /* Info.plist */,
			);
			path = EtlTests;
			sourceTree = "<group>";
		};
/* End PBXGroup section */

/* Begin PBXNativeTarget section */
		D490580B1BE7AC0D0028D5FA /* Etl */ = {
			isa = PBXNativeTarget;
			buildConfigurationList = D49058291BE7AC0D0028D5FA /* Build configuration list for PBXNativeTarget "Etl" */;
			buildPhases = (
				D49058081BE7AC0D0028D5FA /* Sources */,
				D49058091BE7AC0D0028D5FA /* Frameworks */,
				D490580A1BE7AC0D0028D5FA /* Resources */,
			);
			buildRules = (
			);
			dependencies = (
			);
			name = Etl;
			productName = Etl;
			productReference = D490580C1BE7AC0D0028D5FA /* Etl.app */;
			productType = "com.apple.product-type.application";
		};
		D490581F1BE7AC0D0028D5FA /* EtlTests */ = {
			isa = PBXNativeTarget;
			buildConfigurationList = D490582C1BE7AC0D0028D5FA /* Build configuration list for PBXNativeTarget "EtlTests" */;
			buildPhases = (
				D490581C1BE7AC0D0028D5FA /* Sources */,
				D490581D1BE7AC0D0028D5FA /* Frameworks */,
				D490581E1BE7AC0D0028D5FA /* Resources */,
			);
			buildRules = (
			);
			dependencies = (
				D49058221BE7AC0D0028D5FA /* PBXTargetDependency */,
			);
			name = EtlTests;
			productName = EtlTests;
			productReference = D49058201BE7AC0D0028D5FA /* EtlTests.xctest */;
			productType = "com.apple.product-type.bundle.unit-test";
		};
/* End PBXNativeTarget section */

/* Begin PBXProject section */
		D49058041BE7AC0D0028D5FA /* Project object */ = {
			isa = PBXProject;
			attributes = {
				LastSwiftUpdateCheck = 0710;
				LastUpgradeCheck = 0710;
				ORGANIZATIONNAME = "Hom, Kenneth";
				TargetAttributes = {
					D490580B1BE7AC0D0028D5FA = {
						CreatedOnToolsVersion = 7.1;
					};
					D490581F1BE7AC0D0028D5FA = {
						CreatedOnToolsVersion = 7.1;
						TestTargetID = D490580B1BE7AC0D0028D5FA;
					};
				};
			};
			buildConfigurationList = D49058071BE7AC0D0028D5FA /* Build configuration list for PBXProject "Etl" */;
			compatibilityVersion = "Xcode 3.2";
			developmentRegion = English;
			hasScannedForEncodings = 0;
			knownRegions = (
				en,
				Base,
			);
			mainGroup = D49058031BE7AC0D0028D5FA;
			productRefGroup = D490580D1BE7AC0D0028D5FA /* Products */;
			projectDirPath = "";
			projectRoot = "";
			targets = (
				D490580B1BE7AC0D0028D5FA /* Etl */,
				D490581F1BE7AC0D0028D5FA /* EtlTests */,
			);
		};
/* End PBXProject section */

/* Begin PBXResourcesBuildPhase section */
		D490580A1BE7AC0D0028D5FA /* Resources */ = {
			isa = PBXResourcesBuildPhase;
			buildActionMask = 2147483647;
			files = (
				D490581A1BE7AC0D0028D5FA /* LaunchScreen.storyboard in Resources */,
				D49058171BE7AC0D0028D5FA /* Assets.xcassets in Resources */,
				D49058151BE7AC0D0028D5FA /* Main.storyboard in Resources */,
			);
			runOnlyForDeploymentPostprocessing = 0;
		};
		D490581E1BE7AC0D0028D5FA /* Resources */ = {
			isa = PBXResourcesBuildPhase;
			buildActionMask = 2147483647;
			files = (
			);
			runOnlyForDeploymentPostprocessing = 0;
		};
/* End PBXResourcesBuildPhase section */

/* Begin PBXSourcesBuildPhase section */
		D49058081BE7AC0D0028D5FA /* Sources */ = {
			isa = PBXSourcesBuildPhase;
			buildActionMask = 2147483647;
			files = (
				D49058301BE7AC1E0028D5FA /* Etl.swift in Sources */,
				D49058121BE7AC0D0028D5FA /* ViewController.swift in Sources */,
				D49058101BE7AC0D0028D5FA /* AppDelegate.swift in Sources */,
			);
			runOnlyForDeploymentPostprocessing = 0;
		};
		D490581C1BE7AC0D0028D5FA /* Sources */ = {
			isa = PBXSourcesBuildPhase;
			buildActionMask = 2147483647;
			files = (
				D49058251BE7AC0D0028D5FA /* EtlTests.swift in Sources */,
				D49058321BE7AC2A0028D5FA /* Etl.swift in Sources */,
			);
			runOnlyForDeploymentPostprocessing = 0;
		};
/* End PBXSourcesBuildPhase section */

/* Begin PBXTargetDependency section */
		D49058221BE7AC0D0028D5FA /* PBXTargetDependency */ = {
			isa = PBXTargetDependency;
			target = D490580B1BE7AC0D0028D5FA /* Etl */;
			targetProxy = D49058211BE7AC0D0028D5FA /* PBXContainerItemProxy */;
		};
/* End PBXTargetDependency section */

/* Begin PBXVariantGroup section */
		D49058131BE7AC0D0028D5FA /* Main.storyboard */ = {
			isa = PBXVariantGroup;
			children = (
				D49058141BE7AC0D0028D5FA /* Base */,
			);
			name = Main.storyboard;
			sourceTree = "<group>";
		};
		D49058181BE7AC0D0028D5FA /* LaunchScreen.storyboard */ = {
			isa = PBXVariantGroup;
			children = (
				D49058191BE7AC0D0028D5FA /* Base */,
			);
			name = LaunchScreen.storyboard;
			sourceTree = "<group>";
		};
/* End PBXVariantGroup section */

/* Begin XCBuildConfiguration section */
		D49058271BE7AC0D0028D5FA /* Debug */ = {
			isa = XCBuildConfiguration;
			buildSettings = {
				ALWAYS_SEARCH_USER_PATHS = NO;
				CLANG_CXX_LANGUAGE_STANDARD = "gnu++0x";
				CLANG_CXX_LIBRARY = "libc++";
				CLANG_ENABLE_MODULES = YES;
				CLANG_ENABLE_OBJC_ARC = YES;
				CLANG_WARN_BOOL_CONVERSION = YES;
				CLANG_WARN_CONSTANT_CONVERSION = YES;
				CLANG_WARN_DIRECT_OBJC_ISA_USAGE = YES_ERROR;
				CLANG_WARN_EMPTY_BODY = YES;
				CLANG_WARN_ENUM_CONVERSION = YES;
				CLANG_WARN_INT_CONVERSION = YES;
				CLANG_WARN_OBJC_ROOT_CLASS = YES_ERROR;
				CLANG_WARN_UNREACHABLE_CODE = YES;
				CLANG_WARN__DUPLICATE_METHOD_MATCH = YES;
				"CODE_SIGN_IDENTITY[sdk=iphoneos*]" = "iPhone Developer";
				COPY_PHASE_STRIP = NO;
				DEBUG_INFORMATION_FORMAT = dwarf;
				ENABLE_STRICT_OBJC_MSGSEND = YES;
				ENABLE_TESTABILITY = YES;
				GCC_C_LANGUAGE_STANDARD = gnu99;
				GCC_DYNAMIC_NO_PIC = NO;
				GCC_NO_COMMON_BLOCKS = YES;
				GCC_OPTIMIZATION_LEVEL = 0;
				GCC_PREPROCESSOR_DEFINITIONS = (
					"DEBUG=1",
					"$(inherited)",
				);
				GCC_WARN_64_TO_32_BIT_CONVERSION = YES;
				GCC_WARN_ABOUT_RETURN_TYPE = YES_ERROR;
				GCC_WARN_UNDECLARED_SELECTOR = YES;
				GCC_WARN_UNINITIALIZED_AUTOS = YES_AGGRESSIVE;
				GCC_WARN_UNUSED_FUNCTION = YES;
				GCC_WARN_UNUSED_VARIABLE = YES;
				IPHONEOS_DEPLOYMENT_TARGET = 9.1;
				MTL_ENABLE_DEBUG_INFO = YES;
				ONLY_ACTIVE_ARCH = YES;
				SDKROOT = iphoneos;
				SWIFT_OPTIMIZATION_LEVEL = "-Onone";
				TARGETED_DEVICE_FAMILY = "1,2";
			};
			name = Debug;
		};
		D49058281BE7AC0D0028D5FA /* Release */ = {
			isa = XCBuildConfiguration;
			buildSettings = {
				ALWAYS_SEARCH_USER_PATHS = NO;
				CLANG_CXX_LANGUAGE_STANDARD = "gnu++0x";
				CLANG_CXX_LIBRARY = "libc++";
				CLANG_ENABLE_MODULES = YES;
				CLANG_ENABLE_OBJC_ARC = YES;
				CLANG_WARN_BOOL_CONVERSION = YES;
				CLANG_WARN_CONSTANT_CONVERSION = YES;
				CLANG_WARN_DIRECT_OBJC_ISA_USAGE = YES_ERROR;
				CLANG_WARN_EMPTY_BODY = YES;
				CLANG_WARN_ENUM_CONVERSION = YES;
				CLANG_WARN_INT_CONVERSION = YES;
				CLANG_WARN_OBJC_ROOT_CLASS = YES_ERROR;
				CLANG_WARN_UNREACHABLE_CODE = YES;
				CLANG_WARN__DUPLICATE_METHOD_MATCH = YES;
				"CODE_SIGN_IDENTITY[sdk=iphoneos*]" = "iPhone Developer";
				COPY_PHASE_STRIP = NO;
				DEBUG_INFORMATION_FORMAT = "dwarf-with-dsym";
				ENABLE_NS_ASSERTIONS = NO;
				ENABLE_STRICT_OBJC_MSGSEND = YES;
				GCC_C_LANGUAGE_STANDARD = gnu99;
				GCC_NO_COMMON_BLOCKS = YES;
				GCC_WARN_64_TO_32_BIT_CONVERSION = YES;
				GCC_WARN_ABOUT_RETURN_TYPE = YES_ERROR;
				GCC_WARN_UNDECLARED_SELECTOR = YES;
				GCC_WARN_UNINITIALIZED_AUTOS = YES_AGGRESSIVE;
				GCC_WARN_UNUSED_FUNCTION = YES;
				GCC_WARN_UNUSED_VARIABLE = YES;
				IPHONEOS_DEPLOYMENT_TARGET = 9.1;
				MTL_ENABLE_DEBUG_INFO = NO;
				SDKROOT = iphoneos;
				TARGETED_DEVICE_FAMILY = "1,2";
				VALIDATE_PRODUCT = YES;
			};
			name = Release;
		};
		D490582A1BE7AC0D0028D5FA /* Debug */ = {
			isa = XCBuildConfiguration;
			buildSettings = {
				ASSETCATALOG_COMPILER_APPICON_NAME = AppIcon;
				INFOPLIST_FILE = Etl/Info.plist;
				LD_RUNPATH_SEARCH_PATHS = "$(inherited) @executable_path/Frameworks";
				PRODUCT_BUNDLE_IDENTIFIER = com.pinsonault.Etl;
				PRODUCT_NAME = "$(TARGET_NAME)";
			};
			name = Debug;
		};
		D490582B1BE7AC0D0028D5FA /* Release */ = {
			isa = XCBuildConfiguration;
			buildSettings = {
				ASSETCATALOG_COMPILER_APPICON_NAME = AppIcon;
				INFOPLIST_FILE = Etl/Info.plist;
				LD_RUNPATH_SEARCH_PATHS = "$(inherited) @executable_path/Frameworks";
				PRODUCT_BUNDLE_IDENTIFIER = com.pinsonault.Etl;
				PRODUCT_NAME = "$(TARGET_NAME)";
			};
			name = Release;
		};
		D490582D1BE7AC0D0028D5FA /* Debug */ = {
			isa = XCBuildConfiguration;
			buildSettings = {
				BUNDLE_LOADER = "$(TEST_HOST)";
				INFOPLIST_FILE = EtlTests/Info.plist;
				LD_RUNPATH_SEARCH_PATHS = "$(inherited) @executable_path/Frameworks @loader_path/Frameworks";
				PRODUCT_BUNDLE_IDENTIFIER = com.pinsonault.EtlTests;
				PRODUCT_NAME = "$(TARGET_NAME)";
				TEST_HOST = "$(BUILT_PRODUCTS_DIR)/Etl.app/Etl";
			};
			name = Debug;
		};
		D490582E1BE7AC0D0028D5FA /* Release */ = {
			isa = XCBuildConfiguration;
			buildSettings = {
				BUNDLE_LOADER = "$(TEST_HOST)";
				INFOPLIST_FILE = EtlTests/Info.plist;
				LD_RUNPATH_SEARCH_PATHS = "$(inherited) @executable_path/Frameworks @loader_path/Frameworks";
				PRODUCT_BUNDLE_IDENTIFIER = com.pinsonault.EtlTests;
				PRODUCT_NAME = "$(TARGET_NAME)";
				TEST_HOST = "$(BUILT_PRODUCTS_DIR)/Etl.app/Etl";
			};
			name = Release;
		};
/* End XCBuildConfiguration section */

/* Begin XCConfigurationList section */
		D49058071BE7AC0D0028D5FA /* Build configuration list for PBXProject "Etl" */ = {
			isa = XCConfigurationList;
			buildConfigurations = (
				D49058271BE7AC0D0028D5FA /* Debug */,
				D49058281BE7AC0D0028D5FA /* Release */,
			);
			defaultConfigurationIsVisible = 0;
			defaultConfigurationName = Release;
		};
		D49058291BE7AC0D0028D5FA /* Build configuration list for PBXNativeTarget "Etl" */ = {
			isa = XCConfigurationList;
			buildConfigurations = (
				D490582A1BE7AC0D0028D5FA /* Debug */,
				D490582B1BE7AC0D0028D5FA /* Release */,
			);
			defaultConfigurationIsVisible = 0;
		};
		D490582C1BE7AC0D0028D5FA /* Build configuration list for PBXNativeTarget "EtlTests" */ = {
			isa = XCConfigurationList;
			buildConfigurations = (
				D490582D1BE7AC0D0028D5FA /* Debug */,
				D490582E1BE7AC0D0028D5FA /* Release */,
			);
			defaultConfigurationIsVisible = 0;
		};
/* End XCConfigurationList section */
	};
	rootObject = D49058041BE7AC0D0028D5FA /* Project object */;
}
